
Microsoft Visual Studio Solution File, Format Version 12.00
# Visual Studio Version 16
VisualStudioVersion = 16.0.31321.278
MinimumVisualStudioVersion = 10.0.40219.1
Project("{FAE04EC0-301F-11D3-BF4B-00C04F79EFBC}") = "ProgressTerraTask", "ProgressTerraTask\ProgressTerraTask.csproj", "{AD44CF65-635B-417D-8693-DF4FC6C61D8C}"
EndProject
Global
	GlobalSection(SolutionConfigurationPlatforms) = preSolution
		Debug|Any CPU = Debug|Any CPU
		Release|Any CPU = Release|Any CPU
	EndGlobalSection
	GlobalSection(ProjectConfigurationPlatforms) = postSolution
		{AD44CF65-635B-417D-8693-DF4FC6C61D8C}.Debug|Any CPU.ActiveCfg = Debug|Any CPU
		{AD44CF65-635B-417D-8693-DF4FC6C61D8C}.Debug|Any CPU.Build.0 = Debug|Any CPU
		{AD44CF65-635B-417D-8693-DF4FC6C61D8C}.Release|Any CPU.ActiveCfg = Release|Any CPU
		{AD44CF65-635B-417D-8693-DF4FC6C61D8C}.Release|Any CPU.Build.0 = Release|Any CPU
	EndGlobalSection
	GlobalSection(SolutionProperties) = preSolution
		HideSolutionNode = FALSE
	EndGlobalSection
	GlobalSection(ExtensibilityGlobals) = postSolution
		SolutionGuid = {CF6F53AC-2EC3-49F2-893E-4A98C8B1D57A}
	EndGlobalSection
EndGlobal
